
Microsoft Visual Studio Solution File, Format Version 12.00
Project("{FAE04EC0-301F-11D3-BF4B-00C04F79EFBC}") = "EdycjaOkienka", "EdycjaOkienka\EdycjaOkienka.csproj", "{03D95625-4CA8-475E-8C74-2D5824605855}"
EndProject
Global
	GlobalSection(SolutionConfigurationPlatforms) = preSolution
		Debug|Any CPU = Debug|Any CPU
		Release|Any CPU = Release|Any CPU
	EndGlobalSection
	GlobalSection(ProjectConfigurationPlatforms) = postSolution
		{03D95625-4CA8-475E-8C74-2D5824605855}.Debug|Any CPU.ActiveCfg = Debug|Any CPU
		{03D95625-4CA8-475E-8C74-2D5824605855}.Debug|Any CPU.Build.0 = Debug|Any CPU
		{03D95625-4CA8-475E-8C74-2D5824605855}.Release|Any CPU.ActiveCfg = Release|Any CPU
		{03D95625-4CA8-475E-8C74-2D5824605855}.Release|Any CPU.Build.0 = Release|Any CPU
	EndGlobalSection
EndGlobal
